
Microsoft Visual Studio Solution File, Format Version 12.00
# Visual Studio Version 16
VisualStudioVersion = 16.0.33927.289
MinimumVisualStudioVersion = 10.0.40219.1
Project("{2150E333-8FDC-42A3-9474-1A3956D46DE8}") = "Task0", "Task0", "{A671AE5B-8E86-4709-9A4D-1B22CDF3E92F}"
EndProject
Project("{FAE04EC0-301F-11D3-BF4B-00C04F79EFBC}") = "Tyuiu.LomakinVI.Sprint6.Task0.V5", "Tyuiu.LomakinVI.Sprint6.Task0.V5\Tyuiu.LomakinVI.Sprint6.Task0.V5.csproj", "{CFFAB52C-D16B-497D-AC20-FCF15E207522}"
EndProject
Project("{FAE04EC0-301F-11D3-BF4B-00C04F79EFBC}") = "Tyuiu.LomakinVI.Sprint6.Task0.V5.Lib", "Tyuiu.LomakinVI.Sprint6.Task0.V5.Lib\Tyuiu.LomakinVI.Sprint6.Task0.V5.Lib.csproj", "{8E6DFE6F-2207-460A-A9BD-6E841E72D4E7}"
EndProject
Project("{FAE04EC0-301F-11D3-BF4B-00C04F79EFBC}") = "Tyuiu.LomakinVI.Sprint6.Task0.V5.Test", "Tyuiu.LomakinVI.Sprint6.Task0.V5.Test\Tyuiu.LomakinVI.Sprint6.Task0.V5.Test.csproj", "{C894BFFA-DEFD-4B85-BB37-EC1797A6BC37}"
EndProject
Project("{2150E333-8FDC-42A3-9474-1A3956D46DE8}") = "Task1", "Task1", "{8AD452E4-2A50-4284-8145-7FCBF2282D56}"
EndProject
Project("{FAE04EC0-301F-11D3-BF4B-00C04F79EFBC}") = "Tyuiu.LomakinVI.Sprint6.Task1.V4", "Tyuiu.LomakinVI.Sprint6.Task1.V4\Tyuiu.LomakinVI.Sprint6.Task1.V4.csproj", "{4240C72B-F90B-473A-8B53-1677939EC602}"
EndProject
Project("{FAE04EC0-301F-11D3-BF4B-00C04F79EFBC}") = "Tyuiu.LomakinVI.Sprint6.Task1.V4.Lib", "Tyuiu.LomakinVI.Sprint6.Task1.V4.Lib\Tyuiu.LomakinVI.Sprint6.Task1.V4.Lib.csproj", "{FE5D27E2-C074-428A-A03C-D369CA7F15A3}"
EndProject
Project("{FAE04EC0-301F-11D3-BF4B-00C04F79EFBC}") = "Tyuiu.LomakinVI.Sprint6.Task1.V4.Test", "Tyuiu.LomakinVI.Sprint6.Task1.V4.Test\Tyuiu.LomakinVI.Sprint6.Task1.V4.Test.csproj", "{D09755B9-9ADF-42D6-9AF1-3DE70AC98E19}"
EndProject
Project("{2150E333-8FDC-42A3-9474-1A3956D46DE8}") = "Task2", "Task2", "{4A4A90F3-47DB-4A38-9238-3D4FCA8398B9}"
EndProject
Project("{FAE04EC0-301F-11D3-BF4B-00C04F79EFBC}") = "Tyuiu.LomakinVI.Sprint6.Task2.V21", "Tyuiu.LomakinVI.Sprint6.Task2.V21\Tyuiu.LomakinVI.Sprint6.Task2.V21.csproj", "{39D9BFB5-0B24-4162-A241-C36ACD728706}"
EndProject
Project("{FAE04EC0-301F-11D3-BF4B-00C04F79EFBC}") = "Tyuiu.LomakinVI.Sprint6.Task2.V21.Lib", "Tyuiu.LomakinVI.Sprint6.Task2.V21.Lib\Tyuiu.LomakinVI.Sprint6.Task2.V21.Lib.csproj", "{A757C0D3-ED4F-4CB0-A08D-14BE5BF23316}"
EndProject
Project("{FAE04EC0-301F-11D3-BF4B-00C04F79EFBC}") = "Tyuiu.LomakinVI.Sprint6.Task2.V21.Test", "Tyuiu.LomakinVI.Sprint6.Task2.V21.Test\Tyuiu.LomakinVI.Sprint6.Task2.V21.Test.csproj", "{2A310DA5-EA11-4FE9-B0FF-2A1EAAB774EB}"
EndProject
Project("{2150E333-8FDC-42A3-9474-1A3956D46DE8}") = "Task3", "Task3", "{2AF555DF-F37F-4491-86A2-2B8C555FFCF3}"
EndProject
Project("{FAE04EC0-301F-11D3-BF4B-00C04F79EFBC}") = "Tyuiu.LomakinVI.Sprint6.Task3.V30", "Tyuiu.LomakinVI.Sprint6.Task3.V30\Tyuiu.LomakinVI.Sprint6.Task3.V30.csproj", "{E5115DF5-3F07-40E1-8DCE-12476F174BEC}"
EndProject
Project("{FAE04EC0-301F-11D3-BF4B-00C04F79EFBC}") = "Tyuiu.LomakinVI.Sprint6.Task3.V30.Lib", "Tyuiu.LomakinVI.Sprint6.Task3.V30.Lib\Tyuiu.LomakinVI.Sprint6.Task3.V30.Lib.csproj", "{A922D72F-B90A-435E-9F13-9671AD1100AC}"
EndProject
Project("{FAE04EC0-301F-11D3-BF4B-00C04F79EFBC}") = "Tyuiu.LomakinVI.Sprint6.Task3.V30.Test", "Tyuiu.LomakinVI.Sprint6.Task3.V30.Test\Tyuiu.LomakinVI.Sprint6.Task3.V30.Test.csproj", "{7CECD09A-9CCE-4ED7-8874-655CA670470F}"
EndProject
Project("{2150E333-8FDC-42A3-9474-1A3956D46DE8}") = "Task4", "Task4", "{FFFB8C65-DEE3-455D-A189-EBA9CA8A0EE6}"
EndProject
Project("{FAE04EC0-301F-11D3-BF4B-00C04F79EFBC}") = "Tyuiu.LomakinVI.Sprint6.Task4.V3", "Tyuiu.LomakinVI.Sprint6.Task4.V3\Tyuiu.LomakinVI.Sprint6.Task4.V3.csproj", "{FDB2ADC0-D72B-42F0-9249-1ADB1F487B92}"
EndProject
Project("{FAE04EC0-301F-11D3-BF4B-00C04F79EFBC}") = "Tyuiu.LomakinVI.Sprint6.Task4.V3.Lib", "Tyuiu.LomakinVI.Sprint6.Task4.V3.Lib\Tyuiu.LomakinVI.Sprint6.Task4.V3.Lib.csproj", "{48411229-1B20-44BE-B219-E75A92F00C24}"
EndProject
Project("{FAE04EC0-301F-11D3-BF4B-00C04F79EFBC}") = "Tyuiu.LomakinVI.Sprint6.Task4.V3.Test", "Tyuiu.LomakinVI.Sprint6.Task4.V3.Test\Tyuiu.LomakinVI.Sprint6.Task4.V3.Test.csproj", "{BEB3B5F9-B3A6-4418-9D52-F2A20A830E20}"
EndProject
Project("{2150E333-8FDC-42A3-9474-1A3956D46DE8}") = "Task5", "Task5", "{54758D1E-4E3A-4CF2-9B98-30DCE1CDF518}"
EndProject
Project("{FAE04EC0-301F-11D3-BF4B-00C04F79EFBC}") = "Tyuiu.LomakinVI.Sprint6.Task5.V13", "Tyuiu.LomakinVI.Sprint6.Task5.V13\Tyuiu.LomakinVI.Sprint6.Task5.V13.csproj", "{AA0A852D-34BD-41BD-9386-ED0C72FDB93C}"
EndProject
Project("{FAE04EC0-301F-11D3-BF4B-00C04F79EFBC}") = "Tyuiu.LomakinVI.Sprint6.Task5.V13.Lib", "Tyuiu.LomakinVI.Sprint6.Task5.V13.Lib\Tyuiu.LomakinVI.Sprint6.Task5.V13.Lib.csproj", "{F31EF677-D58B-44F8-9241-F14813591258}"
EndProject
Project("{FAE04EC0-301F-11D3-BF4B-00C04F79EFBC}") = "Tyuiu.LomakinVI.Sprint6.Task5.V13.Test", "Tyuiu.LomakinVI.Sprint6.Task5.V13.Test\Tyuiu.LomakinVI.Sprint6.Task5.V13.Test.csproj", "{0BE01D84-DC5E-4CC5-BFDC-5D44E5721E98}"
EndProject
Project("{2150E333-8FDC-42A3-9474-1A3956D46DE8}") = "Task6", "Task6", "{1864CB9E-3EF3-4807-932A-8D7368BDB76A}"
EndProject
Project("{FAE04EC0-301F-11D3-BF4B-00C04F79EFBC}") = "Tyuiu.LomakinVI.Sprint6.Task6.V12", "Tyuiu.LomakinVI.Sprint6.Task6.V12\Tyuiu.LomakinVI.Sprint6.Task6.V12.csproj", "{00B9716B-A05D-4D6F-A543-86A2AA1E3404}"
EndProject
Project("{FAE04EC0-301F-11D3-BF4B-00C04F79EFBC}") = "Tyuiu.LomakinVI.Sprint6.Task6.V12.Lib", "Tyuiu.LomakinVI.Sprint6.Task6.V12.Lib\Tyuiu.LomakinVI.Sprint6.Task6.V12.Lib.csproj", "{73F4606C-B459-421F-880B-D0AD827ACFA7}"
EndProject
Project("{FAE04EC0-301F-11D3-BF4B-00C04F79EFBC}") = "Tyuiu.LomakinVI.Sprint6.Task6.V12.Test", "Tyuiu.LomakinVI.Sprint6.Task6.V12.Test\Tyuiu.LomakinVI.Sprint6.Task6.V12.Test.csproj", "{A69B6BD9-8AAB-4CF9-A7FB-C7038C3D837C}"
EndProject
Project("{2150E333-8FDC-42A3-9474-1A3956D46DE8}") = "Task7", "Task7", "{5D2DE716-CF41-4F7B-9F1A-A898718F9971}"
EndProject
Project("{FAE04EC0-301F-11D3-BF4B-00C04F79EFBC}") = "Tyuiu.LomakinVI.Sprint6.Task7.V27", "Tyuiu.LomakinVI.Sprint6.Task7.V27\Tyuiu.LomakinVI.Sprint6.Task7.V27.csproj", "{AEE7F3DD-EF69-49E2-A26F-9FCCF374957C}"
EndProject
Project("{FAE04EC0-301F-11D3-BF4B-00C04F79EFBC}") = "Tyuiu.LomakinVI.Sprint6.Task7.V27.Lib", "Tyuiu.LomakinVI.Sprint6.Task7.V27.Lib\Tyuiu.LomakinVI.Sprint6.Task7.V27.Lib.csproj", "{0A0446BF-EE4E-4C4A-9F5E-6C29FF6B1F6F}"
EndProject
Project("{FAE04EC0-301F-11D3-BF4B-00C04F79EFBC}") = "Tyuiu.LomakinVI.Sprint6.Task7.V27.Test", "Tyuiu.LomakinVI.Sprint6.Task7.V27.Test\Tyuiu.LomakinVI.Sprint6.Task7.V27.Test.csproj", "{981443A1-0F5E-4F6D-A6C0-394D24EBCF96}"
EndProject
Global
	GlobalSection(SolutionConfigurationPlatforms) = preSolution
		Debug|Any CPU = Debug|Any CPU
		Release|Any CPU = Release|Any CPU
	EndGlobalSection
	GlobalSection(ProjectConfigurationPlatforms) = postSolution
		{CFFAB52C-D16B-497D-AC20-FCF15E207522}.Debug|Any CPU.ActiveCfg = Debug|Any CPU
		{CFFAB52C-D16B-497D-AC20-FCF15E207522}.Debug|Any CPU.Build.0 = Debug|Any CPU
		{CFFAB52C-D16B-497D-AC20-FCF15E207522}.Release|Any CPU.ActiveCfg = Release|Any CPU
		{CFFAB52C-D16B-497D-AC20-FCF15E207522}.Release|Any CPU.Build.0 = Release|Any CPU
		{8E6DFE6F-2207-460A-A9BD-6E841E72D4E7}.Debug|Any CPU.ActiveCfg = Debug|Any CPU
		{8E6DFE6F-2207-460A-A9BD-6E841E72D4E7}.Debug|Any CPU.Build.0 = Debug|Any CPU
		{8E6DFE6F-2207-460A-A9BD-6E841E72D4E7}.Release|Any CPU.ActiveCfg = Release|Any CPU
		{8E6DFE6F-2207-460A-A9BD-6E841E72D4E7}.Release|Any CPU.Build.0 = Release|Any CPU
		{C894BFFA-DEFD-4B85-BB37-EC1797A6BC37}.Debug|Any CPU.ActiveCfg = Debug|Any CPU
		{C894BFFA-DEFD-4B85-BB37-EC1797A6BC37}.Debug|Any CPU.Build.0 = Debug|Any CPU
		{C894BFFA-DEFD-4B85-BB37-EC1797A6BC37}.Release|Any CPU.ActiveCfg = Release|Any CPU
		{C894BFFA-DEFD-4B85-BB37-EC1797A6BC37}.Release|Any CPU.Build.0 = Release|Any CPU
		{4240C72B-F90B-473A-8B53-1677939EC602}.Debug|Any CPU.ActiveCfg = Debug|Any CPU
		{4240C72B-F90B-473A-8B53-1677939EC602}.Debug|Any CPU.Build.0 = Debug|Any CPU
		{4240C72B-F90B-473A-8B53-1677939EC602}.Release|Any CPU.ActiveCfg = Release|Any CPU
		{4240C72B-F90B-473A-8B53-1677939EC602}.Release|Any CPU.Build.0 = Release|Any CPU
		{FE5D27E2-C074-428A-A03C-D369CA7F15A3}.Debug|Any CPU.ActiveCfg = Debug|Any CPU
		{FE5D27E2-C074-428A-A03C-D369CA7F15A3}.Debug|Any CPU.Build.0 = Debug|Any CPU
		{FE5D27E2-C074-428A-A03C-D369CA7F15A3}.Release|Any CPU.ActiveCfg = Release|Any CPU
		{FE5D27E2-C074-428A-A03C-D369CA7F15A3}.Release|Any CPU.Build.0 = Release|Any CPU
		{D09755B9-9ADF-42D6-9AF1-3DE70AC98E19}.Debug|Any CPU.ActiveCfg = Debug|Any CPU
		{D09755B9-9ADF-42D6-9AF1-3DE70AC98E19}.Debug|Any CPU.Build.0 = Debug|Any CPU
		{D09755B9-9ADF-42D6-9AF1-3DE70AC98E19}.Release|Any CPU.ActiveCfg = Release|Any CPU
		{D09755B9-9ADF-42D6-9AF1-3DE70AC98E19}.Release|Any CPU.Build.0 = Release|Any CPU
		{39D9BFB5-0B24-4162-A241-C36ACD728706}.Debug|Any CPU.ActiveCfg = Debug|Any CPU
		{39D9BFB5-0B24-4162-A241-C36ACD728706}.Debug|Any CPU.Build.0 = Debug|Any CPU
		{39D9BFB5-0B24-4162-A241-C36ACD728706}.Release|Any CPU.ActiveCfg = Release|Any CPU
		{39D9BFB5-0B24-4162-A241-C36ACD728706}.Release|Any CPU.Build.0 = Release|Any CPU
		{A757C0D3-ED4F-4CB0-A08D-14BE5BF23316}.Debug|Any CPU.ActiveCfg = Debug|Any CPU
		{A757C0D3-ED4F-4CB0-A08D-14BE5BF23316}.Debug|Any CPU.Build.0 = Debug|Any CPU
		{A757C0D3-ED4F-4CB0-A08D-14BE5BF23316}.Release|Any CPU.ActiveCfg = Release|Any CPU
		{A757C0D3-ED4F-4CB0-A08D-14BE5BF23316}.Release|Any CPU.Build.0 = Release|Any CPU
		{2A310DA5-EA11-4FE9-B0FF-2A1EAAB774EB}.Debug|Any CPU.ActiveCfg = Debug|Any CPU
		{2A310DA5-EA11-4FE9-B0FF-2A1EAAB774EB}.Debug|Any CPU.Build.0 = Debug|Any CPU
		{2A310DA5-EA11-4FE9-B0FF-2A1EAAB774EB}.Release|Any CPU.ActiveCfg = Release|Any CPU
		{2A310DA5-EA11-4FE9-B0FF-2A1EAAB774EB}.Release|Any CPU.Build.0 = Release|Any CPU
		{E5115DF5-3F07-40E1-8DCE-12476F174BEC}.Debug|Any CPU.ActiveCfg = Debug|Any CPU
		{E5115DF5-3F07-40E1-8DCE-12476F174BEC}.Debug|Any CPU.Build.0 = Debug|Any CPU
		{E5115DF5-3F07-40E1-8DCE-12476F174BEC}.Release|Any CPU.ActiveCfg = Release|Any CPU
		{E5115DF5-3F07-40E1-8DCE-12476F174BEC}.Release|Any CPU.Build.0 = Release|Any CPU
		{A922D72F-B90A-435E-9F13-9671AD1100AC}.Debug|Any CPU.ActiveCfg = Debug|Any CPU
		{A922D72F-B90A-435E-9F13-9671AD1100AC}.Debug|Any CPU.Build.0 = Debug|Any CPU
		{A922D72F-B90A-435E-9F13-9671AD1100AC}.Release|Any CPU.ActiveCfg = Release|Any CPU
		{A922D72F-B90A-435E-9F13-9671AD1100AC}.Release|Any CPU.Build.0 = Release|Any CPU
		{7CECD09A-9CCE-4ED7-8874-655CA670470F}.Debug|Any CPU.ActiveCfg = Debug|Any CPU
		{7CECD09A-9CCE-4ED7-8874-655CA670470F}.Debug|Any CPU.Build.0 = Debug|Any CPU
		{7CECD09A-9CCE-4ED7-8874-655CA670470F}.Release|Any CPU.ActiveCfg = Release|Any CPU
		{7CECD09A-9CCE-4ED7-8874-655CA670470F}.Release|Any CPU.Build.0 = Release|Any CPU
		{FDB2ADC0-D72B-42F0-9249-1ADB1F487B92}.Debug|Any CPU.ActiveCfg = Debug|Any CPU
		{FDB2ADC0-D72B-42F0-9249-1ADB1F487B92}.Debug|Any CPU.Build.0 = Debug|Any CPU
		{FDB2ADC0-D72B-42F0-9249-1ADB1F487B92}.Release|Any CPU.ActiveCfg = Release|Any CPU
		{FDB2ADC0-D72B-42F0-9249-1ADB1F487B92}.Release|Any CPU.Build.0 = Release|Any CPU
		{48411229-1B20-44BE-B219-E75A92F00C24}.Debug|Any CPU.ActiveCfg = Debug|Any CPU
		{48411229-1B20-44BE-B219-E75A92F00C24}.Debug|Any CPU.Build.0 = Debug|Any CPU
		{48411229-1B20-44BE-B219-E75A92F00C24}.Release|Any CPU.ActiveCfg = Release|Any CPU
		{48411229-1B20-44BE-B219-E75A92F00C24}.Release|Any CPU.Build.0 = Release|Any CPU
		{BEB3B5F9-B3A6-4418-9D52-F2A20A830E20}.Debug|Any CPU.ActiveCfg = Debug|Any CPU
		{BEB3B5F9-B3A6-4418-9D52-F2A20A830E20}.Debug|Any CPU.Build.0 = Debug|Any CPU
		{BEB3B5F9-B3A6-4418-9D52-F2A20A830E20}.Release|Any CPU.ActiveCfg = Release|Any CPU
		{BEB3B5F9-B3A6-4418-9D52-F2A20A830E20}.Release|Any CPU.Build.0 = Release|Any CPU
		{AA0A852D-34BD-41BD-9386-ED0C72FDB93C}.Debug|Any CPU.ActiveCfg = Debug|Any CPU
		{AA0A852D-34BD-41BD-9386-ED0C72FDB93C}.Debug|Any CPU.Build.0 = Debug|Any CPU
		{AA0A852D-34BD-41BD-9386-ED0C72FDB93C}.Release|Any CPU.ActiveCfg = Release|Any CPU
		{AA0A852D-34BD-41BD-9386-ED0C72FDB93C}.Release|Any CPU.Build.0 = Release|Any CPU
		{F31EF677-D58B-44F8-9241-F14813591258}.Debug|Any CPU.ActiveCfg = Debug|Any CPU
		{F31EF677-D58B-44F8-9241-F14813591258}.Debug|Any CPU.Build.0 = Debug|Any CPU
		{F31EF677-D58B-44F8-9241-F14813591258}.Release|Any CPU.ActiveCfg = Release|Any CPU
		{F31EF677-D58B-44F8-9241-F14813591258}.Release|Any CPU.Build.0 = Release|Any CPU
		{0BE01D84-DC5E-4CC5-BFDC-5D44E5721E98}.Debug|Any CPU.ActiveCfg = Debug|Any CPU
		{0BE01D84-DC5E-4CC5-BFDC-5D44E5721E98}.Debug|Any CPU.Build.0 = Debug|Any CPU
		{0BE01D84-DC5E-4CC5-BFDC-5D44E5721E98}.Release|Any CPU.ActiveCfg = Release|Any CPU
		{0BE01D84-DC5E-4CC5-BFDC-5D44E5721E98}.Release|Any CPU.Build.0 = Release|Any CPU
		{00B9716B-A05D-4D6F-A543-86A2AA1E3404}.Debug|Any CPU.ActiveCfg = Debug|Any CPU
		{00B9716B-A05D-4D6F-A543-86A2AA1E3404}.Debug|Any CPU.Build.0 = Debug|Any CPU
		{00B9716B-A05D-4D6F-A543-86A2AA1E3404}.Release|Any CPU.ActiveCfg = Release|Any CPU
		{00B9716B-A05D-4D6F-A543-86A2AA1E3404}.Release|Any CPU.Build.0 = Release|Any CPU
		{73F4606C-B459-421F-880B-D0AD827ACFA7}.Debug|Any CPU.ActiveCfg = Debug|Any CPU
		{73F4606C-B459-421F-880B-D0AD827ACFA7}.Debug|Any CPU.Build.0 = Debug|Any CPU
		{73F4606C-B459-421F-880B-D0AD827ACFA7}.Release|Any CPU.ActiveCfg = Release|Any CPU
		{73F4606C-B459-421F-880B-D0AD827ACFA7}.Release|Any CPU.Build.0 = Release|Any CPU
		{A69B6BD9-8AAB-4CF9-A7FB-C7038C3D837C}.Debug|Any CPU.ActiveCfg = Debug|Any CPU
		{A69B6BD9-8AAB-4CF9-A7FB-C7038C3D837C}.Debug|Any CPU.Build.0 = Debug|Any CPU
		{A69B6BD9-8AAB-4CF9-A7FB-C7038C3D837C}.Release|Any CPU.ActiveCfg = Release|Any CPU
		{A69B6BD9-8AAB-4CF9-A7FB-C7038C3D837C}.Release|Any CPU.Build.0 = Release|Any CPU
		{AEE7F3DD-EF69-49E2-A26F-9FCCF374957C}.Debug|Any CPU.ActiveCfg = Debug|Any CPU
		{AEE7F3DD-EF69-49E2-A26F-9FCCF374957C}.Debug|Any CPU.Build.0 = Debug|Any CPU
		{AEE7F3DD-EF69-49E2-A26F-9FCCF374957C}.Release|Any CPU.ActiveCfg = Release|Any CPU
		{AEE7F3DD-EF69-49E2-A26F-9FCCF374957C}.Release|Any CPU.Build.0 = Release|Any CPU
		{0A0446BF-EE4E-4C4A-9F5E-6C29FF6B1F6F}.Debug|Any CPU.ActiveCfg = Debug|Any CPU
		{0A0446BF-EE4E-4C4A-9F5E-6C29FF6B1F6F}.Debug|Any CPU.Build.0 = Debug|Any CPU
		{0A0446BF-EE4E-4C4A-9F5E-6C29FF6B1F6F}.Release|Any CPU.ActiveCfg = Release|Any CPU
		{0A0446BF-EE4E-4C4A-9F5E-6C29FF6B1F6F}.Release|Any CPU.Build.0 = Release|Any CPU
		{981443A1-0F5E-4F6D-A6C0-394D24EBCF96}.Debug|Any CPU.ActiveCfg = Debug|Any CPU
		{981443A1-0F5E-4F6D-A6C0-394D24EBCF96}.Debug|Any CPU.Build.0 = Debug|Any CPU
		{981443A1-0F5E-4F6D-A6C0-394D24EBCF96}.Release|Any CPU.ActiveCfg = Release|Any CPU
		{981443A1-0F5E-4F6D-A6C0-394D24EBCF96}.Release|Any CPU.Build.0 = Release|Any CPU
	EndGlobalSection
	GlobalSection(SolutionProperties) = preSolution
		HideSolutionNode = FALSE
	EndGlobalSection
	GlobalSection(NestedProjects) = preSolution
		{CFFAB52C-D16B-497D-AC20-FCF15E207522} = {A671AE5B-8E86-4709-9A4D-1B22CDF3E92F}
		{8E6DFE6F-2207-460A-A9BD-6E841E72D4E7} = {A671AE5B-8E86-4709-9A4D-1B22CDF3E92F}
		{C894BFFA-DEFD-4B85-BB37-EC1797A6BC37} = {A671AE5B-8E86-4709-9A4D-1B22CDF3E92F}
		{4240C72B-F90B-473A-8B53-1677939EC602} = {8AD452E4-2A50-4284-8145-7FCBF2282D56}
		{FE5D27E2-C074-428A-A03C-D369CA7F15A3} = {8AD452E4-2A50-4284-8145-7FCBF2282D56}
		{D09755B9-9ADF-42D6-9AF1-3DE70AC98E19} = {8AD452E4-2A50-4284-8145-7FCBF2282D56}
		{39D9BFB5-0B24-4162-A241-C36ACD728706} = {4A4A90F3-47DB-4A38-9238-3D4FCA8398B9}
		{A757C0D3-ED4F-4CB0-A08D-14BE5BF23316} = {4A4A90F3-47DB-4A38-9238-3D4FCA8398B9}
		{2A310DA5-EA11-4FE9-B0FF-2A1EAAB774EB} = {4A4A90F3-47DB-4A38-9238-3D4FCA8398B9}
		{E5115DF5-3F07-40E1-8DCE-12476F174BEC} = {2AF555DF-F37F-4491-86A2-2B8C555FFCF3}
		{A922D72F-B90A-435E-9F13-9671AD1100AC} = {2AF555DF-F37F-4491-86A2-2B8C555FFCF3}
		{7CECD09A-9CCE-4ED7-8874-655CA670470F} = {2AF555DF-F37F-4491-86A2-2B8C555FFCF3}
		{FDB2ADC0-D72B-42F0-9249-1ADB1F487B92} = {FFFB8C65-DEE3-455D-A189-EBA9CA8A0EE6}
		{48411229-1B20-44BE-B219-E75A92F00C24} = {FFFB8C65-DEE3-455D-A189-EBA9CA8A0EE6}
		{BEB3B5F9-B3A6-4418-9D52-F2A20A830E20} = {FFFB8C65-DEE3-455D-A189-EBA9CA8A0EE6}
		{AA0A852D-34BD-41BD-9386-ED0C72FDB93C} = {54758D1E-4E3A-4CF2-9B98-30DCE1CDF518}
		{F31EF677-D58B-44F8-9241-F14813591258} = {54758D1E-4E3A-4CF2-9B98-30DCE1CDF518}
		{0BE01D84-DC5E-4CC5-BFDC-5D44E5721E98} = {54758D1E-4E3A-4CF2-9B98-30DCE1CDF518}
		{00B9716B-A05D-4D6F-A543-86A2AA1E3404} = {1864CB9E-3EF3-4807-932A-8D7368BDB76A}
		{73F4606C-B459-421F-880B-D0AD827ACFA7} = {1864CB9E-3EF3-4807-932A-8D7368BDB76A}
		{A69B6BD9-8AAB-4CF9-A7FB-C7038C3D837C} = {1864CB9E-3EF3-4807-932A-8D7368BDB76A}
		{AEE7F3DD-EF69-49E2-A26F-9FCCF374957C} = {5D2DE716-CF41-4F7B-9F1A-A898718F9971}
		{0A0446BF-EE4E-4C4A-9F5E-6C29FF6B1F6F} = {5D2DE716-CF41-4F7B-9F1A-A898718F9971}
		{981443A1-0F5E-4F6D-A6C0-394D24EBCF96} = {5D2DE716-CF41-4F7B-9F1A-A898718F9971}
	EndGlobalSection
	GlobalSection(ExtensibilityGlobals) = postSolution
		SolutionGuid = {92B98C6F-A34F-46DC-A738-738A46AF6B1F}
	EndGlobalSection
EndGlobal
